
Microsoft Visual Studio Solution File, Format Version 12.00
# Visual Studio Version 16
VisualStudioVersion = 16.0.31515.178
MinimumVisualStudioVersion = 10.0.40219.1
Project("{FAE04EC0-301F-11D3-BF4B-00C04F79EFBC}") = "Error al cubo - clase 1 -02", "Error al cubo - clase 1 -02\Error al cubo - clase 1 -02.csproj", "{5BE2648D-4FB2-4876-ADD8-ED1DE2630A9B}"
EndProject
Global
	GlobalSection(SolutionConfigurationPlatforms) = preSolution
		Debug|Any CPU = Debug|Any CPU
		Release|Any CPU = Release|Any CPU
	EndGlobalSection
	GlobalSection(ProjectConfigurationPlatforms) = postSolution
		{5BE2648D-4FB2-4876-ADD8-ED1DE2630A9B}.Debug|Any CPU.ActiveCfg = Debug|Any CPU
		{5BE2648D-4FB2-4876-ADD8-ED1DE2630A9B}.Debug|Any CPU.Build.0 = Debug|Any CPU
		{5BE2648D-4FB2-4876-ADD8-ED1DE2630A9B}.Release|Any CPU.ActiveCfg = Release|Any CPU
		{5BE2648D-4FB2-4876-ADD8-ED1DE2630A9B}.Release|Any CPU.Build.0 = Release|Any CPU
	EndGlobalSection
	GlobalSection(SolutionProperties) = preSolution
		HideSolutionNode = FALSE
	EndGlobalSection
	GlobalSection(ExtensibilityGlobals) = postSolution
		SolutionGuid = {CE767B93-0A1E-4BAC-BD7F-28D4707C00FD}
	EndGlobalSection
EndGlobal
